
Microsoft Visual Studio Solution File, Format Version 12.00
# Visual Studio Version 17
VisualStudioVersion = 17.4.33213.308
MinimumVisualStudioVersion = 10.0.40219.1
Project("{9A19103F-16F7-4668-BE54-9A1E7A4F7556}") = "TeachingLoadInfoSystem", "TeachingLoadInfoSystem.csproj", "{BBC034CA-1502-461E-BBBF-701455802B0F}"
EndProject
Global
	GlobalSection(SolutionConfigurationPlatforms) = preSolution
		Debug|Any CPU = Debug|Any CPU
		Release|Any CPU = Release|Any CPU
	EndGlobalSection
	GlobalSection(ProjectConfigurationPlatforms) = postSolution
		{BBC034CA-1502-461E-BBBF-701455802B0F}.Debug|Any CPU.ActiveCfg = Debug|Any CPU
		{BBC034CA-1502-461E-BBBF-701455802B0F}.Debug|Any CPU.Build.0 = Debug|Any CPU
		{BBC034CA-1502-461E-BBBF-701455802B0F}.Release|Any CPU.ActiveCfg = Release|Any CPU
		{BBC034CA-1502-461E-BBBF-701455802B0F}.Release|Any CPU.Build.0 = Release|Any CPU
	EndGlobalSection
	GlobalSection(SolutionProperties) = preSolution
		HideSolutionNode = FALSE
	EndGlobalSection
	GlobalSection(ExtensibilityGlobals) = postSolution
		SolutionGuid = {E277BA60-F7CD-4A3A-A57D-47E67617E295}
	EndGlobalSection
EndGlobal
